
Microsoft Visual Studio Solution File, Format Version 12.00
# Visual Studio Version 17
VisualStudioVersion = 17.5.33516.290
MinimumVisualStudioVersion = 10.0.40219.1
Project("{8BC9CEB8-8B4A-11D0-8D11-00A0C91BC942}") = "Lab++", "Lab++.vcxproj", "{40B18114-476C-4BB6-BC67-5142DC009175}"
EndProject
Project("{8BC9CEB8-8B4A-11D0-8D11-00A0C91BC942}") = "Wingraph", "Wingraph\Wingraph.vcxproj", "{7F5AF6EF-F74D-4BF4-B68B-24546A62FC9D}"
EndProject
Project("{8BC9CEB8-8B4A-11D0-8D11-00A0C91BC942}") = "Plugin", "Plugin\Plugin.vcxproj", "{AC02B92B-260A-4DCC-8BB0-554CDAC6F67A}"
EndProject
Global
	GlobalSection(SolutionConfigurationPlatforms) = preSolution
		Debug|x64 = Debug|x64
		Debug|x86 = Debug|x86
		Release|x64 = Release|x64
		Release|x86 = Release|x86
	EndGlobalSection
	GlobalSection(ProjectConfigurationPlatforms) = postSolution
		{40B18114-476C-4BB6-BC67-5142DC009175}.Debug|x64.ActiveCfg = Debug|x64
		{40B18114-476C-4BB6-BC67-5142DC009175}.Debug|x64.Build.0 = Debug|x64
		{40B18114-476C-4BB6-BC67-5142DC009175}.Debug|x86.ActiveCfg = Debug|Win32
		{40B18114-476C-4BB6-BC67-5142DC009175}.Debug|x86.Build.0 = Debug|Win32
		{40B18114-476C-4BB6-BC67-5142DC009175}.Release|x64.ActiveCfg = Release|x64
		{40B18114-476C-4BB6-BC67-5142DC009175}.Release|x64.Build.0 = Release|x64
		{40B18114-476C-4BB6-BC67-5142DC009175}.Release|x86.ActiveCfg = Release|Win32
		{40B18114-476C-4BB6-BC67-5142DC009175}.Release|x86.Build.0 = Release|Win32
		{7F5AF6EF-F74D-4BF4-B68B-24546A62FC9D}.Debug|x64.ActiveCfg = Debug|x64
		{7F5AF6EF-F74D-4BF4-B68B-24546A62FC9D}.Debug|x64.Build.0 = Debug|x64
		{7F5AF6EF-F74D-4BF4-B68B-24546A62FC9D}.Debug|x86.ActiveCfg = Debug|Win32
		{7F5AF6EF-F74D-4BF4-B68B-24546A62FC9D}.Debug|x86.Build.0 = Debug|Win32
		{7F5AF6EF-F74D-4BF4-B68B-24546A62FC9D}.Release|x64.ActiveCfg = Release|x64
		{7F5AF6EF-F74D-4BF4-B68B-24546A62FC9D}.Release|x64.Build.0 = Release|x64
		{7F5AF6EF-F74D-4BF4-B68B-24546A62FC9D}.Release|x86.ActiveCfg = Release|Win32
		{7F5AF6EF-F74D-4BF4-B68B-24546A62FC9D}.Release|x86.Build.0 = Release|Win32
		{AC02B92B-260A-4DCC-8BB0-554CDAC6F67A}.Debug|x64.ActiveCfg = Debug|x64
		{AC02B92B-260A-4DCC-8BB0-554CDAC6F67A}.Debug|x64.Build.0 = Debug|x64
		{AC02B92B-260A-4DCC-8BB0-554CDAC6F67A}.Debug|x86.ActiveCfg = Debug|Win32
		{AC02B92B-260A-4DCC-8BB0-554CDAC6F67A}.Debug|x86.Build.0 = Debug|Win32
		{AC02B92B-260A-4DCC-8BB0-554CDAC6F67A}.Release|x64.ActiveCfg = Release|x64
		{AC02B92B-260A-4DCC-8BB0-554CDAC6F67A}.Release|x64.Build.0 = Release|x64
		{AC02B92B-260A-4DCC-8BB0-554CDAC6F67A}.Release|x86.ActiveCfg = Release|Win32
		{AC02B92B-260A-4DCC-8BB0-554CDAC6F67A}.Release|x86.Build.0 = Release|Win32
	EndGlobalSection
	GlobalSection(SolutionProperties) = preSolution
		HideSolutionNode = FALSE
	EndGlobalSection
	GlobalSection(ExtensibilityGlobals) = postSolution
		SolutionGuid = {336A4BBB-4B2C-4978-B6EE-DC077F5CD68E}
	EndGlobalSection
EndGlobal
