<?xml version="1.0" encoding="utf-8"?>
<Project ToolsVersion="4.0" xmlns="http://schemas.microsoft.com/developer/msbuild/2003">
  <ItemGroup>
    <Filter Include="Fichiers sources">
      <UniqueIdentifier>{4FC737F1-C7A5-4376-A066-2A32D752A2FF}</UniqueIdentifier>
      <Extensions>cpp;c;cc;cxx;c++;cppm;ixx;def;odl;idl;hpj;bat;asm;asmx</Extensions>
    </Filter>
    <Filter Include="Fichiers de ressources">
      <UniqueIdentifier>{67DA6AB6-F800-4c08-8B7A-83BB121AAD01}</UniqueIdentifier>
      <Extensions>rc;ico;cur;bmp;dlg;rc2;rct;bin;rgs;gif;jpg;jpeg;jpe;resx;tiff;tif;png;wav;mfcribbon-ms</Extensions>
    </Filter>
    <Filter Include="Fichiers sources\Communication">
      <UniqueIdentifier>{fc466061-0c0b-4781-b523-93a9c525029e}</UniqueIdentifier>
    </Filter>
    <Filter Include="Fichiers sources\DeviceBuilder">
      <UniqueIdentifier>{c2173460-32cc-409d-a230-383e8b83d06a}</UniqueIdentifier>
    </Filter>
    <Filter Include="Fichiers sources\DLLLoader">
      <UniqueIdentifier>{7166222a-befd-455d-92be-9790c472722a}</UniqueIdentifier>
    </Filter>
    <Filter Include="Fichiers sources\Lua">
      <UniqueIdentifier>{7346d275-d04f-4a03-86ab-2c23bf001b55}</UniqueIdentifier>
    </Filter>
    <Filter Include="Fichiers sources\Types">
      <UniqueIdentifier>{c7ef1dd7-3a86-4423-94f5-6b3fe55c2d77}</UniqueIdentifier>
    </Filter>
    <Filter Include="Fichiers sources\Widget">
      <UniqueIdentifier>{af6a1f83-70fa-42f0-a41f-8e41b995bb13}</UniqueIdentifier>
    </Filter>
  </ItemGroup>
  <ItemGroup>
    <ClCompile Include="cProtocol.cpp">
      <Filter>Fichiers sources\Communication</Filter>
    </ClCompile>
    <ClCompile Include="cDeviceBuilder.cpp">
      <Filter>Fichiers sources\DeviceBuilder</Filter>
    </ClCompile>
    <ClCompile Include="cLoader.cpp">
      <Filter>Fichiers sources\DLLLoader</Filter>
    </ClCompile>
    <ClCompile Include="cLua.cpp">
      <Filter>Fichiers sources\Lua</Filter>
    </ClCompile>
    <ClCompile Include="cBtn.cpp">
      <Filter>Fichiers sources\Widget</Filter>
    </ClCompile>
    <ClCompile Include="cDevice.cpp">
      <Filter>Fichiers sources\DeviceBuilder</Filter>
    </ClCompile>
  </ItemGroup>
  <ItemGroup>
    <ClInclude Include="cProtocol.h">
      <Filter>Fichiers sources\Communication</Filter>
    </ClInclude>
    <ClInclude Include="cDeviceBuilder.h">
      <Filter>Fichiers sources\DeviceBuilder</Filter>
    </ClInclude>
    <ClInclude Include="cLoader.h">
      <Filter>Fichiers sources\DLLLoader</Filter>
    </ClInclude>
    <ClInclude Include="cLua.h">
      <Filter>Fichiers sources\Lua</Filter>
    </ClInclude>
    <ClInclude Include="types.h">
      <Filter>Fichiers sources\Types</Filter>
    </ClInclude>
    <ClInclude Include="cBtn.h">
      <Filter>Fichiers sources\Widget</Filter>
    </ClInclude>
    <ClInclude Include="cDevice.h">
      <Filter>Fichiers sources\DeviceBuilder</Filter>
    </ClInclude>
  </ItemGroup>
  <ItemGroup>
    <None Include="..\ADDON\Plugin.lua">
      <Filter>Fichiers sources\Lua</Filter>
    </None>
  </ItemGroup>
</Project>